
Microsoft Visual Studio Solution File, Format Version 12.00
# Visual Studio 15
VisualStudioVersion = 15.0.26124.0
MinimumVisualStudioVersion = 15.0.26124.0
Project("{FAE04EC0-301F-11D3-BF4B-00C04F79EFBC}") = "API", "API\API.csproj", "{FFC83E5E-2937-443C-9A7F-40AC75E86AE4}"
EndProject
Project("{FAE04EC0-301F-11D3-BF4B-00C04F79EFBC}") = "Application", "Application\Application.csproj", "{E1F729E8-4773-45B6-AE85-5E9B1E8D25B6}"
EndProject
Project("{FAE04EC0-301F-11D3-BF4B-00C04F79EFBC}") = "Persistance", "Persistance\Persistance.csproj", "{D0BCF0D6-D406-4F46-A6EA-2F8E06749C28}"
EndProject
Project("{FAE04EC0-301F-11D3-BF4B-00C04F79EFBC}") = "Domain", "Domain\Domain.csproj", "{36D3FF2F-BC7D-4B29-B5AE-6F3A2C287EBB}"
EndProject
Global
	GlobalSection(SolutionConfigurationPlatforms) = preSolution
		Debug|Any CPU = Debug|Any CPU
		Debug|x64 = Debug|x64
		Debug|x86 = Debug|x86
		Release|Any CPU = Release|Any CPU
		Release|x64 = Release|x64
		Release|x86 = Release|x86
	EndGlobalSection
	GlobalSection(SolutionProperties) = preSolution
		HideSolutionNode = FALSE
	EndGlobalSection
	GlobalSection(ProjectConfigurationPlatforms) = postSolution
		{FFC83E5E-2937-443C-9A7F-40AC75E86AE4}.Debug|Any CPU.ActiveCfg = Debug|Any CPU
		{FFC83E5E-2937-443C-9A7F-40AC75E86AE4}.Debug|Any CPU.Build.0 = Debug|Any CPU
		{FFC83E5E-2937-443C-9A7F-40AC75E86AE4}.Debug|x64.ActiveCfg = Debug|Any CPU
		{FFC83E5E-2937-443C-9A7F-40AC75E86AE4}.Debug|x64.Build.0 = Debug|Any CPU
		{FFC83E5E-2937-443C-9A7F-40AC75E86AE4}.Debug|x86.ActiveCfg = Debug|Any CPU
		{FFC83E5E-2937-443C-9A7F-40AC75E86AE4}.Debug|x86.Build.0 = Debug|Any CPU
		{FFC83E5E-2937-443C-9A7F-40AC75E86AE4}.Release|Any CPU.ActiveCfg = Release|Any CPU
		{FFC83E5E-2937-443C-9A7F-40AC75E86AE4}.Release|Any CPU.Build.0 = Release|Any CPU
		{FFC83E5E-2937-443C-9A7F-40AC75E86AE4}.Release|x64.ActiveCfg = Release|Any CPU
		{FFC83E5E-2937-443C-9A7F-40AC75E86AE4}.Release|x64.Build.0 = Release|Any CPU
		{FFC83E5E-2937-443C-9A7F-40AC75E86AE4}.Release|x86.ActiveCfg = Release|Any CPU
		{FFC83E5E-2937-443C-9A7F-40AC75E86AE4}.Release|x86.Build.0 = Release|Any CPU
		{E1F729E8-4773-45B6-AE85-5E9B1E8D25B6}.Debug|Any CPU.ActiveCfg = Debug|Any CPU
		{E1F729E8-4773-45B6-AE85-5E9B1E8D25B6}.Debug|Any CPU.Build.0 = Debug|Any CPU
		{E1F729E8-4773-45B6-AE85-5E9B1E8D25B6}.Debug|x64.ActiveCfg = Debug|Any CPU
		{E1F729E8-4773-45B6-AE85-5E9B1E8D25B6}.Debug|x64.Build.0 = Debug|Any CPU
		{E1F729E8-4773-45B6-AE85-5E9B1E8D25B6}.Debug|x86.ActiveCfg = Debug|Any CPU
		{E1F729E8-4773-45B6-AE85-5E9B1E8D25B6}.Debug|x86.Build.0 = Debug|Any CPU
		{E1F729E8-4773-45B6-AE85-5E9B1E8D25B6}.Release|Any CPU.ActiveCfg = Release|Any CPU
		{E1F729E8-4773-45B6-AE85-5E9B1E8D25B6}.Release|Any CPU.Build.0 = Release|Any CPU
		{E1F729E8-4773-45B6-AE85-5E9B1E8D25B6}.Release|x64.ActiveCfg = Release|Any CPU
		{E1F729E8-4773-45B6-AE85-5E9B1E8D25B6}.Release|x64.Build.0 = Release|Any CPU
		{E1F729E8-4773-45B6-AE85-5E9B1E8D25B6}.Release|x86.ActiveCfg = Release|Any CPU
		{E1F729E8-4773-45B6-AE85-5E9B1E8D25B6}.Release|x86.Build.0 = Release|Any CPU
		{D0BCF0D6-D406-4F46-A6EA-2F8E06749C28}.Debug|Any CPU.ActiveCfg = Debug|Any CPU
		{D0BCF0D6-D406-4F46-A6EA-2F8E06749C28}.Debug|Any CPU.Build.0 = Debug|Any CPU
		{D0BCF0D6-D406-4F46-A6EA-2F8E06749C28}.Debug|x64.ActiveCfg = Debug|Any CPU
		{D0BCF0D6-D406-4F46-A6EA-2F8E06749C28}.Debug|x64.Build.0 = Debug|Any CPU
		{D0BCF0D6-D406-4F46-A6EA-2F8E06749C28}.Debug|x86.ActiveCfg = Debug|Any CPU
		{D0BCF0D6-D406-4F46-A6EA-2F8E06749C28}.Debug|x86.Build.0 = Debug|Any CPU
		{D0BCF0D6-D406-4F46-A6EA-2F8E06749C28}.Release|Any CPU.ActiveCfg = Release|Any CPU
		{D0BCF0D6-D406-4F46-A6EA-2F8E06749C28}.Release|Any CPU.Build.0 = Release|Any CPU
		{D0BCF0D6-D406-4F46-A6EA-2F8E06749C28}.Release|x64.ActiveCfg = Release|Any CPU
		{D0BCF0D6-D406-4F46-A6EA-2F8E06749C28}.Release|x64.Build.0 = Release|Any CPU
		{D0BCF0D6-D406-4F46-A6EA-2F8E06749C28}.Release|x86.ActiveCfg = Release|Any CPU
		{D0BCF0D6-D406-4F46-A6EA-2F8E06749C28}.Release|x86.Build.0 = Release|Any CPU
		{36D3FF2F-BC7D-4B29-B5AE-6F3A2C287EBB}.Debug|Any CPU.ActiveCfg = Debug|Any CPU
		{36D3FF2F-BC7D-4B29-B5AE-6F3A2C287EBB}.Debug|Any CPU.Build.0 = Debug|Any CPU
		{36D3FF2F-BC7D-4B29-B5AE-6F3A2C287EBB}.Debug|x64.ActiveCfg = Debug|Any CPU
		{36D3FF2F-BC7D-4B29-B5AE-6F3A2C287EBB}.Debug|x64.Build.0 = Debug|Any CPU
		{36D3FF2F-BC7D-4B29-B5AE-6F3A2C287EBB}.Debug|x86.ActiveCfg = Debug|Any CPU
		{36D3FF2F-BC7D-4B29-B5AE-6F3A2C287EBB}.Debug|x86.Build.0 = Debug|Any CPU
		{36D3FF2F-BC7D-4B29-B5AE-6F3A2C287EBB}.Release|Any CPU.ActiveCfg = Release|Any CPU
		{36D3FF2F-BC7D-4B29-B5AE-6F3A2C287EBB}.Release|Any CPU.Build.0 = Release|Any CPU
		{36D3FF2F-BC7D-4B29-B5AE-6F3A2C287EBB}.Release|x64.ActiveCfg = Release|Any CPU
		{36D3FF2F-BC7D-4B29-B5AE-6F3A2C287EBB}.Release|x64.Build.0 = Release|Any CPU
		{36D3FF2F-BC7D-4B29-B5AE-6F3A2C287EBB}.Release|x86.ActiveCfg = Release|Any CPU
		{36D3FF2F-BC7D-4B29-B5AE-6F3A2C287EBB}.Release|x86.Build.0 = Release|Any CPU
	EndGlobalSection
EndGlobal
